# This file is automatically @generated by Cargo.
# It is not intended for manual editing.
version = 3

[[package]]
name = "chain_of_responsibility_example"
version = "0.1.0"
dependencies = [
 "chain_of_responsibility_pattern",
]

[[package]]
name = "chain_of_responsibility_pattern"
version = "0.1.0"
